{
  "name": "liskat",
  "version": "0.0.1",
  "lockfileVersion": 3,
  "requires": true,
  "packages": {
    "": {
      "name": "liskat",
      "version": "0.0.1",
      "license": "AGPL-3.0-or-later",
      "workspaces": [
        "packages/*"
      ]
    },
    "node_modules/@liskat/engine": {
      "resolved": "packages/engine",
      "link": true
    },
    "node_modules/@liskat/server": {
      "resolved": "packages/server",
      "link": true
    },
    "node_modules/ws": {
      "version": "8.21.0",
      "resolved": "https://registry.npmjs.org/ws/-/ws-8.21.0.tgz",
      "integrity": "sha512-Vsp28b7DRcimFQvrqu2Wek3z1iYxDCWqHYB8Qsnk/S4RfaCQzPGPyBNuVjJV3cd6UiKtUtp6sNM77gWvzcCH+g==",
      "license": "MIT",
      "engines": {
        "node": ">=10.0.0"
      },
      "peerDependencies": {
        "bufferutil": "^4.0.1",
        "utf-8-validate": ">=5.0.2"
      },
      "peerDependenciesMeta": {
        "bufferutil": {
          "optional": true
        },
        "utf-8-validate": {
          "optional": true
        }
      }
    },
    "packages/engine": {
      "name": "@liskat/engine",
      "version": "0.0.1",
      "license": "AGPL-3.0-or-later"
    },
    "packages/server": {
      "name": "@liskat/server",
      "version": "0.0.1",
      "license": "AGPL-3.0-or-later",
      "dependencies": {
        "@liskat/engine": "*",
        "ws": "^8.18.0"
      }
    }
  }
}
